
Microsoft Visual Studio Solution File, Format Version 12.00
Project("{FAE04EC0-301F-11D3-BF4B-00C04F79EFBC}") = "RegistroStudenti2", "RegistroStudenti2\RegistroStudenti2.csproj", "{CE717659-95CD-4A0E-84C4-366CCB83D4C5}"
EndProject
Global
	GlobalSection(SolutionConfigurationPlatforms) = preSolution
		Debug|Any CPU = Debug|Any CPU
		Release|Any CPU = Release|Any CPU
	EndGlobalSection
	GlobalSection(ProjectConfigurationPlatforms) = postSolution
		{CE717659-95CD-4A0E-84C4-366CCB83D4C5}.Debug|Any CPU.ActiveCfg = Debug|Any CPU
		{CE717659-95CD-4A0E-84C4-366CCB83D4C5}.Debug|Any CPU.Build.0 = Debug|Any CPU
		{CE717659-95CD-4A0E-84C4-366CCB83D4C5}.Release|Any CPU.ActiveCfg = Release|Any CPU
		{CE717659-95CD-4A0E-84C4-366CCB83D4C5}.Release|Any CPU.Build.0 = Release|Any CPU
	EndGlobalSection
EndGlobal
